
Microsoft Visual Studio Solution File, Format Version 12.00
# Visual Studio 15
VisualStudioVersion = 15.0.27703.2047
MinimumVisualStudioVersion = 10.0.40219.1
Project("{FAE04EC0-301F-11D3-BF4B-00C04F79EFBC}") = "Entities", "Entities\Entities.csproj", "{1F3C2221-D7A7-4C45-929E-6E2302EEEDB5}"
EndProject
Project("{FAE04EC0-301F-11D3-BF4B-00C04F79EFBC}") = "Data", "Data\Data.csproj", "{4D313603-297D-4609-9B6E-28352053B0A2}"
EndProject
Project("{FAE04EC0-301F-11D3-BF4B-00C04F79EFBC}") = "Web", "Web\Web.csproj", "{AA421C1F-9BC6-4A1E-B272-7996BF26F618}"
EndProject
Project("{FAE04EC0-301F-11D3-BF4B-00C04F79EFBC}") = "BusinessLogic", "BusinessLogic\BusinessLogic.csproj", "{E5333D3D-C73D-4A30-BBAC-2879CEF3333F}"
EndProject
Project("{FAE04EC0-301F-11D3-BF4B-00C04F79EFBC}") = "Escritorio", "Escritorio\Escritorio.csproj", "{65C7C01E-216E-4745-A698-5971D77DD515}"
EndProject

Project("{FAE04EC0-301F-11D3-BF4B-00C04F79EFBC}") = "Utils", "Utils\Utils.csproj", "{CBD749DD-2F3E-4A8C-BCC4-FEE9AA6552FE}"
EndProject
Global
	GlobalSection(SolutionConfigurationPlatforms) = preSolution
		Debug|Any CPU = Debug|Any CPU
		Release|Any CPU = Release|Any CPU
	EndGlobalSection
	GlobalSection(ProjectConfigurationPlatforms) = postSolution
		{1F3C2221-D7A7-4C45-929E-6E2302EEEDB5}.Debug|Any CPU.ActiveCfg = Debug|Any CPU
		{1F3C2221-D7A7-4C45-929E-6E2302EEEDB5}.Debug|Any CPU.Build.0 = Debug|Any CPU
		{1F3C2221-D7A7-4C45-929E-6E2302EEEDB5}.Release|Any CPU.ActiveCfg = Release|Any CPU
		{1F3C2221-D7A7-4C45-929E-6E2302EEEDB5}.Release|Any CPU.Build.0 = Release|Any CPU
		{4D313603-297D-4609-9B6E-28352053B0A2}.Debug|Any CPU.ActiveCfg = Debug|Any CPU
		{4D313603-297D-4609-9B6E-28352053B0A2}.Debug|Any CPU.Build.0 = Debug|Any CPU
		{4D313603-297D-4609-9B6E-28352053B0A2}.Release|Any CPU.ActiveCfg = Release|Any CPU
		{4D313603-297D-4609-9B6E-28352053B0A2}.Release|Any CPU.Build.0 = Release|Any CPU
		{AA421C1F-9BC6-4A1E-B272-7996BF26F618}.Debug|Any CPU.ActiveCfg = Debug|Any CPU
		{AA421C1F-9BC6-4A1E-B272-7996BF26F618}.Debug|Any CPU.Build.0 = Debug|Any CPU
		{AA421C1F-9BC6-4A1E-B272-7996BF26F618}.Release|Any CPU.ActiveCfg = Release|Any CPU
		{AA421C1F-9BC6-4A1E-B272-7996BF26F618}.Release|Any CPU.Build.0 = Release|Any CPU
		{E5333D3D-C73D-4A30-BBAC-2879CEF3333F}.Debug|Any CPU.ActiveCfg = Debug|Any CPU
		{E5333D3D-C73D-4A30-BBAC-2879CEF3333F}.Debug|Any CPU.Build.0 = Debug|Any CPU
		{E5333D3D-C73D-4A30-BBAC-2879CEF3333F}.Release|Any CPU.ActiveCfg = Release|Any CPU
		{E5333D3D-C73D-4A30-BBAC-2879CEF3333F}.Release|Any CPU.Build.0 = Release|Any CPU
		{65C7C01E-216E-4745-A698-5971D77DD515}.Debug|Any CPU.ActiveCfg = Debug|Any CPU
		{65C7C01E-216E-4745-A698-5971D77DD515}.Debug|Any CPU.Build.0 = Debug|Any CPU
		{65C7C01E-216E-4745-A698-5971D77DD515}.Release|Any CPU.ActiveCfg = Release|Any CPU
		{65C7C01E-216E-4745-A698-5971D77DD515}.Release|Any CPU.Build.0 = Release|Any CPU

		{CBD749DD-2F3E-4A8C-BCC4-FEE9AA6552FE}.Debug|Any CPU.ActiveCfg = Debug|Any CPU
		{CBD749DD-2F3E-4A8C-BCC4-FEE9AA6552FE}.Debug|Any CPU.Build.0 = Debug|Any CPU
		{CBD749DD-2F3E-4A8C-BCC4-FEE9AA6552FE}.Release|Any CPU.ActiveCfg = Release|Any CPU
		{CBD749DD-2F3E-4A8C-BCC4-FEE9AA6552FE}.Release|Any CPU.Build.0 = Release|Any CPU
	EndGlobalSection
	GlobalSection(SolutionProperties) = preSolution
		HideSolutionNode = FALSE
	EndGlobalSection
	GlobalSection(ExtensibilityGlobals) = postSolution
		SolutionGuid = {6645314B-3E03-4543-BF1B-ADB41628B7B4}
	EndGlobalSection
EndGlobal
